
Microsoft Visual Studio Solution File, Format Version 12.00
# Visual Studio Version 17
VisualStudioVersion = 17.9.34607.119
MinimumVisualStudioVersion = 10.0.40219.1
Project("{888888A0-9F3D-457C-B088-3A5042F75D52}") = "web_server", "PythonApplication1\web_server.pyproj", "{4B1DB186-7881-46D1-970E-998605751D3D}"
EndProject
Global
	GlobalSection(SolutionConfigurationPlatforms) = preSolution
		Debug|Any CPU = Debug|Any CPU
		Release|Any CPU = Release|Any CPU
	EndGlobalSection
	GlobalSection(ProjectConfigurationPlatforms) = postSolution
		{4B1DB186-7881-46D1-970E-998605751D3D}.Debug|Any CPU.ActiveCfg = Debug|Any CPU
		{4B1DB186-7881-46D1-970E-998605751D3D}.Release|Any CPU.ActiveCfg = Release|Any CPU
	EndGlobalSection
	GlobalSection(SolutionProperties) = preSolution
		HideSolutionNode = FALSE
	EndGlobalSection
	GlobalSection(ExtensibilityGlobals) = postSolution
		SolutionGuid = {127EC3AC-F041-4703-9579-57BDCA1D7517}
	EndGlobalSection
EndGlobal
